<?xml version="1.0" encoding="utf-8"?>
<Project ToolsVersion="4.0" xmlns="http://schemas.microsoft.com/developer/msbuild/2003">
  <ItemGroup>
    <Filter Include="redis">
      <UniqueIdentifier>{044e9a85-f49b-48c8-b503-36e0caed8bb3}</UniqueIdentifier>
    </Filter>
    <Filter Include="redis\advance">
      <UniqueIdentifier>{618b0483-1ffd-4ad5-8305-b8433b6aa82c}</UniqueIdentifier>
    </Filter>
    <Filter Include="redis\advance\impl">
      <UniqueIdentifier>{0c6e5475-6abf-4664-ade4-90a9fc9631ad}</UniqueIdentifier>
    </Filter>
    <Filter Include="redis\container">
      <UniqueIdentifier>{d3252efa-e35d-44bc-897e-f88881d0c8eb}</UniqueIdentifier>
    </Filter>
    <Filter Include="redis\container\impl">
      <UniqueIdentifier>{977bb7ba-c8c8-4e12-85c0-e02f5bff3435}</UniqueIdentifier>
    </Filter>
    <Filter Include="redis\impl">
      <UniqueIdentifier>{d9124331-0953-4b41-9452-123d4322675c}</UniqueIdentifier>
    </Filter>
    <Filter Include="redis\win">
      <UniqueIdentifier>{19bbbc8f-612c-4afe-b09f-8979f44f885f}</UniqueIdentifier>
    </Filter>
  </ItemGroup>
  <ItemGroup>
    <ClCompile Include="main.cpp">
      <Filter>redis\win</Filter>
    </ClCompile>
  </ItemGroup>
  <ItemGroup>
    <ClInclude Include="..\client.hpp">
      <Filter>redis</Filter>
    </ClInclude>
    <ClInclude Include="..\exception.hpp">
      <Filter>redis</Filter>
    </ClInclude>
    <ClInclude Include="..\redis.hpp">
      <Filter>redis</Filter>
    </ClInclude>
    <ClInclude Include="..\reply.hpp">
      <Filter>redis</Filter>
    </ClInclude>
    <ClInclude Include="..\advance\pubsub.hpp">
      <Filter>redis\advance</Filter>
    </ClInclude>
    <ClInclude Include="..\advance\script.hpp">
      <Filter>redis\advance</Filter>
    </ClInclude>
    <ClInclude Include="..\advance\server.hpp">
      <Filter>redis\advance</Filter>
    </ClInclude>
    <ClInclude Include="..\advance\transaction.hpp">
      <Filter>redis\advance</Filter>
    </ClInclude>
    <ClInclude Include="..\advance\impl\pubsub.hpp">
      <Filter>redis\advance\impl</Filter>
    </ClInclude>
    <ClInclude Include="..\advance\impl\script.hpp">
      <Filter>redis\advance\impl</Filter>
    </ClInclude>
    <ClInclude Include="..\advance\impl\server.hpp">
      <Filter>redis\advance\impl</Filter>
    </ClInclude>
    <ClInclude Include="..\advance\impl\transaction.hpp">
      <Filter>redis\advance\impl</Filter>
    </ClInclude>
    <ClInclude Include="..\container\hash.hpp">
      <Filter>redis\container</Filter>
    </ClInclude>
    <ClInclude Include="..\container\key.hpp">
      <Filter>redis\container</Filter>
    </ClInclude>
    <ClInclude Include="..\container\list.hpp">
      <Filter>redis\container</Filter>
    </ClInclude>
    <ClInclude Include="..\container\set.hpp">
      <Filter>redis\container</Filter>
    </ClInclude>
    <ClInclude Include="..\container\string.hpp">
      <Filter>redis\container</Filter>
    </ClInclude>
    <ClInclude Include="..\container\impl\hash.hpp">
      <Filter>redis\container\impl</Filter>
    </ClInclude>
    <ClInclude Include="..\container\impl\key.hpp">
      <Filter>redis\container\impl</Filter>
    </ClInclude>
    <ClInclude Include="..\container\impl\list.hpp">
      <Filter>redis\container\impl</Filter>
    </ClInclude>
    <ClInclude Include="..\container\impl\set.hpp">
      <Filter>redis\container\impl</Filter>
    </ClInclude>
    <ClInclude Include="..\container\impl\string.hpp">
      <Filter>redis\container\impl</Filter>
    </ClInclude>
    <ClInclude Include="..\impl\client.hpp">
      <Filter>redis\impl</Filter>
    </ClInclude>
    <ClInclude Include="..\impl\client_impl.hpp">
      <Filter>redis\impl</Filter>
    </ClInclude>
    <ClInclude Include="..\impl\protocol.hpp">
      <Filter>redis\impl</Filter>
    </ClInclude>
    <ClInclude Include="..\impl\protocol_sender.hpp">
      <Filter>redis\impl</Filter>
    </ClInclude>
    <ClInclude Include="..\impl\reply.hpp">
      <Filter>redis\impl</Filter>
    </ClInclude>
    <ClInclude Include="..\impl\reply_impl.hpp">
      <Filter>redis\impl</Filter>
    </ClInclude>
    <ClInclude Include="..\impl\string_convert.hpp">
      <Filter>redis\impl</Filter>
    </ClInclude>
    <ClInclude Include="..\advance\geo.hpp">
      <Filter>redis\advance</Filter>
    </ClInclude>
    <ClInclude Include="..\advance\impl\geo.hpp">
      <Filter>redis\advance\impl</Filter>
    </ClInclude>
    <ClInclude Include="..\advance\hyperloglog.hpp">
      <Filter>redis\advance</Filter>
    </ClInclude>
    <ClInclude Include="..\advance\impl\hyperloglog.hpp">
      <Filter>redis\advance\impl</Filter>
    </ClInclude>
    <ClInclude Include="..\container\sortedset.hpp">
      <Filter>redis\container</Filter>
    </ClInclude>
    <ClInclude Include="..\container\impl\sortedset.hpp">
      <Filter>redis\container\impl</Filter>
    </ClInclude>
  </ItemGroup>
</Project>